
Microsoft Visual Studio Solution File, Format Version 12.00
# Visual Studio Version 16
VisualStudioVersion = 16.0.29920.165
MinimumVisualStudioVersion = 10.0.40219.1
Project("{9A19103F-16F7-4668-BE54-9A1E7A4F7556}") = "WebScraper.WebApi", "WebScraper.WebApi\WebScraper.WebApi.csproj", "{B98BEB1D-D00C-449A-8787-982B856150EF}"
EndProject
Project("{9A19103F-16F7-4668-BE54-9A1E7A4F7556}") = "WebScraper.Tests", "WebScraper.Tests\WebScraper.Tests.csproj", "{C48DD3DF-9E65-495B-BCB2-D6873CA6781C}"
EndProject
Project("{9A19103F-16F7-4668-BE54-9A1E7A4F7556}") = "WebScraper.ML.DatasetGenerator", "WebScraper.ML.DatasetGenerator\WebScraper.ML.DatasetGenerator.csproj", "{265EC086-92F3-4BCC-9F40-57E5DE91A6C0}"
EndProject
Project("{9A19103F-16F7-4668-BE54-9A1E7A4F7556}") = "WebScraper.Core", "WebScraper.Core\WebScraper.Core.csproj", "{AE3917FA-A85C-4378-80B1-099063549D3D}"
EndProject
Project("{9A19103F-16F7-4668-BE54-9A1E7A4F7556}") = "WebScraper.Data", "WebScraper.Data\WebScraper.Data.csproj", "{C9F4FB4F-DDE0-425F-907B-EA7A694058CC}"
EndProject
Project("{9A19103F-16F7-4668-BE54-9A1E7A4F7556}") = "WebScraper.ML.ConsoleApp", "WebScraper.ML.ConsoleApp\WebScraper.ML.ConsoleApp.csproj", "{5FF56533-E8F7-4E75-8F5E-95E36503A1FE}"
EndProject
Global
	GlobalSection(SolutionConfigurationPlatforms) = preSolution
		Debug|Any CPU = Debug|Any CPU
		Debug|x64 = Debug|x64
		Release|Any CPU = Release|Any CPU
		Release|x64 = Release|x64
	EndGlobalSection
	GlobalSection(ProjectConfigurationPlatforms) = postSolution
		{B98BEB1D-D00C-449A-8787-982B856150EF}.Debug|Any CPU.ActiveCfg = Debug|Any CPU
		{B98BEB1D-D00C-449A-8787-982B856150EF}.Debug|Any CPU.Build.0 = Debug|Any CPU
		{B98BEB1D-D00C-449A-8787-982B856150EF}.Debug|x64.ActiveCfg = Debug|x64
		{B98BEB1D-D00C-449A-8787-982B856150EF}.Debug|x64.Build.0 = Debug|x64
		{B98BEB1D-D00C-449A-8787-982B856150EF}.Release|Any CPU.ActiveCfg = Release|Any CPU
		{B98BEB1D-D00C-449A-8787-982B856150EF}.Release|Any CPU.Build.0 = Release|Any CPU
		{B98BEB1D-D00C-449A-8787-982B856150EF}.Release|x64.ActiveCfg = Release|x64
		{B98BEB1D-D00C-449A-8787-982B856150EF}.Release|x64.Build.0 = Release|x64
		{C48DD3DF-9E65-495B-BCB2-D6873CA6781C}.Debug|Any CPU.ActiveCfg = Debug|Any CPU
		{C48DD3DF-9E65-495B-BCB2-D6873CA6781C}.Debug|Any CPU.Build.0 = Debug|Any CPU
		{C48DD3DF-9E65-495B-BCB2-D6873CA6781C}.Debug|x64.ActiveCfg = Debug|x64
		{C48DD3DF-9E65-495B-BCB2-D6873CA6781C}.Debug|x64.Build.0 = Debug|x64
		{C48DD3DF-9E65-495B-BCB2-D6873CA6781C}.Release|Any CPU.ActiveCfg = Release|Any CPU
		{C48DD3DF-9E65-495B-BCB2-D6873CA6781C}.Release|Any CPU.Build.0 = Release|Any CPU
		{C48DD3DF-9E65-495B-BCB2-D6873CA6781C}.Release|x64.ActiveCfg = Release|x64
		{C48DD3DF-9E65-495B-BCB2-D6873CA6781C}.Release|x64.Build.0 = Release|x64
		{265EC086-92F3-4BCC-9F40-57E5DE91A6C0}.Debug|Any CPU.ActiveCfg = Debug|Any CPU
		{265EC086-92F3-4BCC-9F40-57E5DE91A6C0}.Debug|Any CPU.Build.0 = Debug|Any CPU
		{265EC086-92F3-4BCC-9F40-57E5DE91A6C0}.Debug|x64.ActiveCfg = Debug|x64
		{265EC086-92F3-4BCC-9F40-57E5DE91A6C0}.Debug|x64.Build.0 = Debug|x64
		{265EC086-92F3-4BCC-9F40-57E5DE91A6C0}.Release|Any CPU.ActiveCfg = Release|Any CPU
		{265EC086-92F3-4BCC-9F40-57E5DE91A6C0}.Release|x64.ActiveCfg = Release|x64
		{265EC086-92F3-4BCC-9F40-57E5DE91A6C0}.Release|x64.Build.0 = Release|x64
		{AE3917FA-A85C-4378-80B1-099063549D3D}.Debug|Any CPU.ActiveCfg = Debug|Any CPU
		{AE3917FA-A85C-4378-80B1-099063549D3D}.Debug|Any CPU.Build.0 = Debug|Any CPU
		{AE3917FA-A85C-4378-80B1-099063549D3D}.Debug|x64.ActiveCfg = Debug|x64
		{AE3917FA-A85C-4378-80B1-099063549D3D}.Debug|x64.Build.0 = Debug|x64
		{AE3917FA-A85C-4378-80B1-099063549D3D}.Release|Any CPU.ActiveCfg = Release|Any CPU
		{AE3917FA-A85C-4378-80B1-099063549D3D}.Release|Any CPU.Build.0 = Release|Any CPU
		{AE3917FA-A85C-4378-80B1-099063549D3D}.Release|x64.ActiveCfg = Release|x64
		{AE3917FA-A85C-4378-80B1-099063549D3D}.Release|x64.Build.0 = Release|x64
		{C9F4FB4F-DDE0-425F-907B-EA7A694058CC}.Debug|Any CPU.ActiveCfg = Debug|Any CPU
		{C9F4FB4F-DDE0-425F-907B-EA7A694058CC}.Debug|Any CPU.Build.0 = Debug|Any CPU
		{C9F4FB4F-DDE0-425F-907B-EA7A694058CC}.Debug|x64.ActiveCfg = Debug|x64
		{C9F4FB4F-DDE0-425F-907B-EA7A694058CC}.Debug|x64.Build.0 = Debug|x64
		{C9F4FB4F-DDE0-425F-907B-EA7A694058CC}.Release|Any CPU.ActiveCfg = Release|Any CPU
		{C9F4FB4F-DDE0-425F-907B-EA7A694058CC}.Release|Any CPU.Build.0 = Release|Any CPU
		{C9F4FB4F-DDE0-425F-907B-EA7A694058CC}.Release|x64.ActiveCfg = Release|x64
		{C9F4FB4F-DDE0-425F-907B-EA7A694058CC}.Release|x64.Build.0 = Release|x64
		{5FF56533-E8F7-4E75-8F5E-95E36503A1FE}.Debug|Any CPU.ActiveCfg = Debug|Any CPU
		{5FF56533-E8F7-4E75-8F5E-95E36503A1FE}.Debug|Any CPU.Build.0 = Debug|Any CPU
		{5FF56533-E8F7-4E75-8F5E-95E36503A1FE}.Debug|x64.ActiveCfg = Debug|Any CPU
		{5FF56533-E8F7-4E75-8F5E-95E36503A1FE}.Debug|x64.Build.0 = Debug|Any CPU
		{5FF56533-E8F7-4E75-8F5E-95E36503A1FE}.Release|Any CPU.ActiveCfg = Release|Any CPU
		{5FF56533-E8F7-4E75-8F5E-95E36503A1FE}.Release|Any CPU.Build.0 = Release|Any CPU
		{5FF56533-E8F7-4E75-8F5E-95E36503A1FE}.Release|x64.ActiveCfg = Release|Any CPU
		{5FF56533-E8F7-4E75-8F5E-95E36503A1FE}.Release|x64.Build.0 = Release|Any CPU
	EndGlobalSection
	GlobalSection(SolutionProperties) = preSolution
		HideSolutionNode = FALSE
	EndGlobalSection
	GlobalSection(ExtensibilityGlobals) = postSolution
		SolutionGuid = {057900BB-3916-4922-BAD0-951072FF0520}
	EndGlobalSection
EndGlobal
