
Microsoft Visual Studio Solution File, Format Version 12.00
# Visual Studio Version 16
VisualStudioVersion = 16.0.29920.165
MinimumVisualStudioVersion = 10.0.40219.1
Project("{9A19103F-16F7-4668-BE54-9A1E7A4F7556}") = "WebScraper.WebApi", "WebScraper.WebApi\WebScraper.WebApi.csproj", "{B98BEB1D-D00C-449A-8787-982B856150EF}"
EndProject
Project("{9A19103F-16F7-4668-BE54-9A1E7A4F7556}") = "WebScraper.Tests", "WebScraper.Tests\WebScraper.Tests.csproj", "{C48DD3DF-9E65-495B-BCB2-D6873CA6781C}"
EndProject
Project("{FAE04EC0-301F-11D3-BF4B-00C04F79EFBC}") = "WebScraper.ML.DatasetGenerator", "WebScraper.ML.DatasetGenerator\WebScraper.ML.DatasetGenerator.csproj", "{265EC086-92F3-4BCC-9F40-57E5DE91A6C0}"
EndProject
Global
	GlobalSection(SolutionConfigurationPlatforms) = preSolution
		Debug|Any CPU = Debug|Any CPU
		Release|Any CPU = Release|Any CPU
	EndGlobalSection
	GlobalSection(ProjectConfigurationPlatforms) = postSolution
		{B98BEB1D-D00C-449A-8787-982B856150EF}.Debug|Any CPU.ActiveCfg = Debug|Any CPU
		{B98BEB1D-D00C-449A-8787-982B856150EF}.Debug|Any CPU.Build.0 = Debug|Any CPU
		{B98BEB1D-D00C-449A-8787-982B856150EF}.Release|Any CPU.ActiveCfg = Release|Any CPU
		{B98BEB1D-D00C-449A-8787-982B856150EF}.Release|Any CPU.Build.0 = Release|Any CPU
		{C48DD3DF-9E65-495B-BCB2-D6873CA6781C}.Debug|Any CPU.ActiveCfg = Debug|Any CPU
		{C48DD3DF-9E65-495B-BCB2-D6873CA6781C}.Debug|Any CPU.Build.0 = Debug|Any CPU
		{C48DD3DF-9E65-495B-BCB2-D6873CA6781C}.Release|Any CPU.ActiveCfg = Release|Any CPU
		{C48DD3DF-9E65-495B-BCB2-D6873CA6781C}.Release|Any CPU.Build.0 = Release|Any CPU
		{265EC086-92F3-4BCC-9F40-57E5DE91A6C0}.Debug|Any CPU.ActiveCfg = Debug|Any CPU
		{265EC086-92F3-4BCC-9F40-57E5DE91A6C0}.Debug|Any CPU.Build.0 = Debug|Any CPU
		{265EC086-92F3-4BCC-9F40-57E5DE91A6C0}.Release|Any CPU.ActiveCfg = Release|Any CPU
		{265EC086-92F3-4BCC-9F40-57E5DE91A6C0}.Release|Any CPU.Build.0 = Release|Any CPU
	EndGlobalSection
	GlobalSection(SolutionProperties) = preSolution
		HideSolutionNode = FALSE
	EndGlobalSection
	GlobalSection(ExtensibilityGlobals) = postSolution
		SolutionGuid = {057900BB-3916-4922-BAD0-951072FF0520}
	EndGlobalSection
EndGlobal
